// !$*UTF8*$!
{
	archiveVersion = 1;
	classes = {
	};
	objectVersion = 51;
	objects = {

/* Begin PBXBuildFile section */
		020AB43D2350AD4E00ED6A6A /* PersistentContainerManager.swift in Sources */ = {isa = PBXBuildFile; fileRef = 020AB43C2350AD4E00ED6A6A /* PersistentContainerManager.swift */; };
		020AB43F2350AF1800ED6A6A /* CoreDataTests.swift in Sources */ = {isa = PBXBuildFile; fileRef = 020AB43E2350AF1800ED6A6A /* CoreDataTests.swift */; };
		020AB4402350AF3800ED6A6A /* CoreDataConnect.swift in Sources */ = {isa = PBXBuildFile; fileRef = 02BEA1C62331D5F700C3E317 /* CoreDataConnect.swift */; };
		020AB4412350AF3B00ED6A6A /* PersistentContainerManager.swift in Sources */ = {isa = PBXBuildFile; fileRef = 020AB43C2350AD4E00ED6A6A /* PersistentContainerManager.swift */; };
		020AB4422350AF3D00ED6A6A /* NSPersistentContainerExtension.swift in Sources */ = {isa = PBXBuildFile; fileRef = 02BEA1C72331D5F700C3E317 /* NSPersistentContainerExtension.swift */; };
		0239358C2359607A009E08E3 /* InfoPlist.strings in Resources */ = {isa = PBXBuildFile; fileRef = 0239358E2359607A009E08E3 /* InfoPlist.strings */; };
		0239358F23596089009E08E3 /* Localizable.strings in Resources */ = {isa = PBXBuildFile; fileRef = 0239359123596089009E08E3 /* Localizable.strings */; };
		026447452327CF6200822485 /* AppDelegate.swift in Sources */ = {isa = PBXBuildFile; fileRef = 026447442327CF6200822485 /* AppDelegate.swift */; };
		026447472327CF6200822485 /* ViewController.swift in Sources */ = {isa = PBXBuildFile; fileRef = 026447462327CF6200822485 /* ViewController.swift */; };
		0264474A2327CF6200822485 /* Main.storyboard in Resources */ = {isa = PBXBuildFile; fileRef = 026447482327CF6200822485 /* Main.storyboard */; };
		0264474C2327CF6300822485 /* Assets.xcassets in Resources */ = {isa = PBXBuildFile; fileRef = 0264474B2327CF6300822485 /* Assets.xcassets */; };
		0264474F2327CF6300822485 /* LaunchScreen.storyboard in Resources */ = {isa = PBXBuildFile; fileRef = 0264474D2327CF6300822485 /* LaunchScreen.storyboard */; };
		02682A48236D35350022C1F0 /* DateExtension.swift in Sources */ = {isa = PBXBuildFile; fileRef = 02682A47236D35340022C1F0 /* DateExtension.swift */; };
		02682A49236D35350022C1F0 /* DateExtension.swift in Sources */ = {isa = PBXBuildFile; fileRef = 02682A47236D35340022C1F0 /* DateExtension.swift */; };
		0269A8E5233DAAD900A4CEC9 /* BaseView.swift in Sources */ = {isa = PBXBuildFile; fileRef = 0269A8E4233DAAD900A4CEC9 /* BaseView.swift */; };
		0269A8E7233DAB0E00A4CEC9 /* UIColorExtension.swift in Sources */ = {isa = PBXBuildFile; fileRef = 0269A8E6233DAB0E00A4CEC9 /* UIColorExtension.swift */; };
		026A4E38235702D400993CD9 /* R.generated.swift in Sources */ = {isa = PBXBuildFile; fileRef = 026A4E37235702D400993CD9 /* R.generated.swift */; };
		0282FB46235FD23600CBB8D5 /* LoginTextFieldSuperView.swift in Sources */ = {isa = PBXBuildFile; fileRef = 0282FB43235FD23600CBB8D5 /* LoginTextFieldSuperView.swift */; };
		0282FB47235FD23600CBB8D5 /* LoginTextFieldView.xib in Resources */ = {isa = PBXBuildFile; fileRef = 0282FB44235FD23600CBB8D5 /* LoginTextFieldView.xib */; };
		0282FB48235FD23600CBB8D5 /* LoginTextFieldView.swift in Sources */ = {isa = PBXBuildFile; fileRef = 0282FB45235FD23600CBB8D5 /* LoginTextFieldView.swift */; };
		0282FB4E235FD26300CBB8D5 /* UIButtonExtension.swift in Sources */ = {isa = PBXBuildFile; fileRef = 0282FB49235FD26300CBB8D5 /* UIButtonExtension.swift */; };
		0282FB4F235FD26300CBB8D5 /* ButtonWithImageAndLabelView.xib in Resources */ = {isa = PBXBuildFile; fileRef = 0282FB4B235FD26300CBB8D5 /* ButtonWithImageAndLabelView.xib */; };
		0282FB50235FD26300CBB8D5 /* ButtonWithImageAndLabelView.swift in Sources */ = {isa = PBXBuildFile; fileRef = 0282FB4C235FD26300CBB8D5 /* ButtonWithImageAndLabelView.swift */; };
		0282FB51235FD26300CBB8D5 /* ButtonWithImageAndLabelSuperView.swift in Sources */ = {isa = PBXBuildFile; fileRef = 0282FB4D235FD26300CBB8D5 /* ButtonWithImageAndLabelSuperView.swift */; };
		02BEA1C82331D5F700C3E317 /* CoreDataConnect.swift in Sources */ = {isa = PBXBuildFile; fileRef = 02BEA1C62331D5F700C3E317 /* CoreDataConnect.swift */; };
		02BEA1C92331D5F700C3E317 /* NSPersistentContainerExtension.swift in Sources */ = {isa = PBXBuildFile; fileRef = 02BEA1C72331D5F700C3E317 /* NSPersistentContainerExtension.swift */; };
		02BEA1CC2331D61100C3E317 /* ImageLoader.swift in Sources */ = {isa = PBXBuildFile; fileRef = 02BEA1CB2331D61100C3E317 /* ImageLoader.swift */; };
		02BEA1D12331D62800C3E317 /* NetworkRequestOperation.swift in Sources */ = {isa = PBXBuildFile; fileRef = 02BEA1CE2331D62800C3E317 /* NetworkRequestOperation.swift */; };
		02BEA1D22331D62800C3E317 /* AsynchronousOperation.swift in Sources */ = {isa = PBXBuildFile; fileRef = 02BEA1CF2331D62800C3E317 /* AsynchronousOperation.swift */; };
		02BEA1D32331D62800C3E317 /* APIRequest.swift in Sources */ = {isa = PBXBuildFile; fileRef = 02BEA1D02331D62800C3E317 /* APIRequest.swift */; };
		02BEA1E52331D64D00C3E317 /* AdvancedLogger.swift in Sources */ = {isa = PBXBuildFile; fileRef = 02BEA1D52331D64C00C3E317 /* AdvancedLogger.swift */; };
		02BEA1E62331D64D00C3E317 /* BaseLogger.swift in Sources */ = {isa = PBXBuildFile; fileRef = 02BEA1D62331D64C00C3E317 /* BaseLogger.swift */; };
		02BEA1E72331D64D00C3E317 /* LogTextView.swift in Sources */ = {isa = PBXBuildFile; fileRef = 02BEA1D72331D64C00C3E317 /* LogTextView.swift */; };
		02BEA1E82331D64D00C3E317 /* NSObjectExtension.swift in Sources */ = {isa = PBXBuildFile; fileRef = 02BEA1D92331D64D00C3E317 /* NSObjectExtension.swift */; };
		02BEA1E92331D64D00C3E317 /* DeviceGuruExtension.swift in Sources */ = {isa = PBXBuildFile; fileRef = 02BEA1DA2331D64D00C3E317 /* DeviceGuruExtension.swift */; };
		02BEA1EA2331D64D00C3E317 /* CGFloatExtension.swift in Sources */ = {isa = PBXBuildFile; fileRef = 02BEA1DB2331D64D00C3E317 /* CGFloatExtension.swift */; };
		02BEA1EB2331D64D00C3E317 /* UIViewController+Alerts.swift in Sources */ = {isa = PBXBuildFile; fileRef = 02BEA1DC2331D64D00C3E317 /* UIViewController+Alerts.swift */; };
		02BEA1ED2331D64D00C3E317 /* JeromeNavigationBar.swift in Sources */ = {isa = PBXBuildFile; fileRef = 02BEA1E02331D64D00C3E317 /* JeromeNavigationBar.swift */; };
		02BEA1EE2331D64D00C3E317 /* JeromeNavigationBarStatusBarBaseVC.xib in Resources */ = {isa = PBXBuildFile; fileRef = 02BEA1E12331D64D00C3E317 /* JeromeNavigationBarStatusBarBaseVC.xib */; };
		02BEA1EF2331D64D00C3E317 /* BaseViewController.swift in Sources */ = {isa = PBXBuildFile; fileRef = 02BEA1E22331D64D00C3E317 /* BaseViewController.swift */; };
		02BEA1F02331D64D00C3E317 /* Observable.swift in Sources */ = {isa = PBXBuildFile; fileRef = 02BEA1E32331D64D00C3E317 /* Observable.swift */; };
		02BEA1F12331D64D00C3E317 /* StoryboardExtension.swift in Sources */ = {isa = PBXBuildFile; fileRef = 02BEA1E42331D64D00C3E317 /* StoryboardExtension.swift */; };
		02BEA1F92331DA4200C3E317 /* ImageLoaderTests.swift in Sources */ = {isa = PBXBuildFile; fileRef = 02BEA1F82331DA4200C3E317 /* ImageLoaderTests.swift */; };
		02BEA2012331DA8F00C3E317 /* NetworkRequestOperation.swift in Sources */ = {isa = PBXBuildFile; fileRef = 02BEA1CE2331D62800C3E317 /* NetworkRequestOperation.swift */; };
		02BEA2022331DA9100C3E317 /* AsynchronousOperation.swift in Sources */ = {isa = PBXBuildFile; fileRef = 02BEA1CF2331D62800C3E317 /* AsynchronousOperation.swift */; };
		02BEA2032331DA9300C3E317 /* APIRequest.swift in Sources */ = {isa = PBXBuildFile; fileRef = 02BEA1D02331D62800C3E317 /* APIRequest.swift */; };
		02BEA2042331DAB300C3E317 /* BaseLogger.swift in Sources */ = {isa = PBXBuildFile; fileRef = 02BEA1D62331D64C00C3E317 /* BaseLogger.swift */; };
		02BEA2052331DB1500C3E317 /* ImageLoader.swift in Sources */ = {isa = PBXBuildFile; fileRef = 02BEA1CB2331D61100C3E317 /* ImageLoader.swift */; };
		02F9971F23346DF000EE21CA /* MainTabBarController.swift in Sources */ = {isa = PBXBuildFile; fileRef = 02F9971E23346DF000EE21CA /* MainTabBarController.swift */; };
		02F9972323346DFE00EE21CA /* VideoCoordinator.swift in Sources */ = {isa = PBXBuildFile; fileRef = 02F9972123346DFE00EE21CA /* VideoCoordinator.swift */; };
		02F9972423346DFE00EE21CA /* Coordinator.swift in Sources */ = {isa = PBXBuildFile; fileRef = 02F9972223346DFE00EE21CA /* Coordinator.swift */; };
		02F9972623346EC500EE21CA /* CoordinatedNavigationController.swift in Sources */ = {isa = PBXBuildFile; fileRef = 02F9972523346EC500EE21CA /* CoordinatedNavigationController.swift */; };
		8AE4D2886450314D4B688D9C /* Pods_Tests.framework in Frameworks */ = {isa = PBXBuildFile; fileRef = B933639B5ADB1E075213BBFA /* Pods_Tests.framework */; };
		9BFA9D32793D30310FAC46AD /* Pods_NewProject.framework in Frameworks */ = {isa = PBXBuildFile; fileRef = E2AD90FB7DF2E36860D14198 /* Pods_NewProject.framework */; };
/* End PBXBuildFile section */

/* Begin PBXContainerItemProxy section */
		02BEA1FB2331DA4200C3E317 /* PBXContainerItemProxy */ = {
			isa = PBXContainerItemProxy;
			containerPortal = 026447392327CF6200822485 /* Project object */;
			proxyType = 1;
			remoteGlobalIDString = 026447402327CF6200822485;
			remoteInfo = NewProject;
		};
/* End PBXContainerItemProxy section */

/* Begin PBXFileReference section */
		020AB43C2350AD4E00ED6A6A /* PersistentContainerManager.swift */ = {isa = PBXFileReference; fileEncoding = 4; lastKnownFileType = sourcecode.swift; path = PersistentContainerManager.swift; sourceTree = "<group>"; };
		020AB43E2350AF1800ED6A6A /* CoreDataTests.swift */ = {isa = PBXFileReference; fileEncoding = 4; lastKnownFileType = sourcecode.swift; path = CoreDataTests.swift; sourceTree = "<group>"; };
		0239358D2359607A009E08E3 /* en */ = {isa = PBXFileReference; lastKnownFileType = text.plist.strings; name = en; path = en.lproj/InfoPlist.strings; sourceTree = "<group>"; };
		0239359023596089009E08E3 /* en */ = {isa = PBXFileReference; lastKnownFileType = text.plist.strings; name = en; path = en.lproj/Localizable.strings; sourceTree = "<group>"; };
		026447412327CF6200822485 /* NewProject.app */ = {isa = PBXFileReference; explicitFileType = wrapper.application; includeInIndex = 0; path = NewProject.app; sourceTree = BUILT_PRODUCTS_DIR; };
		026447442327CF6200822485 /* AppDelegate.swift */ = {isa = PBXFileReference; lastKnownFileType = sourcecode.swift; path = AppDelegate.swift; sourceTree = "<group>"; };
		026447462327CF6200822485 /* ViewController.swift */ = {isa = PBXFileReference; lastKnownFileType = sourcecode.swift; path = ViewController.swift; sourceTree = "<group>"; };
		026447492327CF6200822485 /* Base */ = {isa = PBXFileReference; lastKnownFileType = file.storyboard; name = Base; path = Base.lproj/Main.storyboard; sourceTree = "<group>"; };
		0264474B2327CF6300822485 /* Assets.xcassets */ = {isa = PBXFileReference; lastKnownFileType = folder.assetcatalog; path = Assets.xcassets; sourceTree = "<group>"; };
		0264474E2327CF6300822485 /* Base */ = {isa = PBXFileReference; lastKnownFileType = file.storyboard; name = Base; path = Base.lproj/LaunchScreen.storyboard; sourceTree = "<group>"; };
		026447502327CF6300822485 /* Info.plist */ = {isa = PBXFileReference; lastKnownFileType = text.plist.xml; path = Info.plist; sourceTree = "<group>"; };
		02682A47236D35340022C1F0 /* DateExtension.swift */ = {isa = PBXFileReference; fileEncoding = 4; lastKnownFileType = sourcecode.swift; path = DateExtension.swift; sourceTree = "<group>"; };
		0269A8E4233DAAD900A4CEC9 /* BaseView.swift */ = {isa = PBXFileReference; fileEncoding = 4; lastKnownFileType = sourcecode.swift; path = BaseView.swift; sourceTree = "<group>"; };
		0269A8E6233DAB0E00A4CEC9 /* UIColorExtension.swift */ = {isa = PBXFileReference; fileEncoding = 4; lastKnownFileType = sourcecode.swift; path = UIColorExtension.swift; sourceTree = "<group>"; };
		026A4E37235702D400993CD9 /* R.generated.swift */ = {isa = PBXFileReference; fileEncoding = 4; lastKnownFileType = sourcecode.swift; path = R.generated.swift; sourceTree = SOURCE_ROOT; };
		0282FB43235FD23600CBB8D5 /* LoginTextFieldSuperView.swift */ = {isa = PBXFileReference; fileEncoding = 4; lastKnownFileType = sourcecode.swift; path = LoginTextFieldSuperView.swift; sourceTree = "<group>"; };
		0282FB44235FD23600CBB8D5 /* LoginTextFieldView.xib */ = {isa = PBXFileReference; fileEncoding = 4; lastKnownFileType = file.xib; path = LoginTextFieldView.xib; sourceTree = "<group>"; };
		0282FB45235FD23600CBB8D5 /* LoginTextFieldView.swift */ = {isa = PBXFileReference; fileEncoding = 4; lastKnownFileType = sourcecode.swift; path = LoginTextFieldView.swift; sourceTree = "<group>"; };
		0282FB49235FD26300CBB8D5 /* UIButtonExtension.swift */ = {isa = PBXFileReference; fileEncoding = 4; lastKnownFileType = sourcecode.swift; path = UIButtonExtension.swift; sourceTree = "<group>"; };
		0282FB4B235FD26300CBB8D5 /* ButtonWithImageAndLabelView.xib */ = {isa = PBXFileReference; fileEncoding = 4; lastKnownFileType = file.xib; path = ButtonWithImageAndLabelView.xib; sourceTree = "<group>"; };
		0282FB4C235FD26300CBB8D5 /* ButtonWithImageAndLabelView.swift */ = {isa = PBXFileReference; fileEncoding = 4; lastKnownFileType = sourcecode.swift; path = ButtonWithImageAndLabelView.swift; sourceTree = "<group>"; };
		0282FB4D235FD26300CBB8D5 /* ButtonWithImageAndLabelSuperView.swift */ = {isa = PBXFileReference; fileEncoding = 4; lastKnownFileType = sourcecode.swift; path = ButtonWithImageAndLabelSuperView.swift; sourceTree = "<group>"; };
		02BEA1C62331D5F700C3E317 /* CoreDataConnect.swift */ = {isa = PBXFileReference; fileEncoding = 4; lastKnownFileType = sourcecode.swift; path = CoreDataConnect.swift; sourceTree = "<group>"; };
		02BEA1C72331D5F700C3E317 /* NSPersistentContainerExtension.swift */ = {isa = PBXFileReference; fileEncoding = 4; lastKnownFileType = sourcecode.swift; path = NSPersistentContainerExtension.swift; sourceTree = "<group>"; };
		02BEA1CB2331D61100C3E317 /* ImageLoader.swift */ = {isa = PBXFileReference; fileEncoding = 4; lastKnownFileType = sourcecode.swift; path = ImageLoader.swift; sourceTree = "<group>"; };
		02BEA1CE2331D62800C3E317 /* NetworkRequestOperation.swift */ = {isa = PBXFileReference; fileEncoding = 4; lastKnownFileType = sourcecode.swift; path = NetworkRequestOperation.swift; sourceTree = "<group>"; };
		02BEA1CF2331D62800C3E317 /* AsynchronousOperation.swift */ = {isa = PBXFileReference; fileEncoding = 4; lastKnownFileType = sourcecode.swift; path = AsynchronousOperation.swift; sourceTree = "<group>"; };
		02BEA1D02331D62800C3E317 /* APIRequest.swift */ = {isa = PBXFileReference; fileEncoding = 4; lastKnownFileType = sourcecode.swift; path = APIRequest.swift; sourceTree = "<group>"; };
		02BEA1D52331D64C00C3E317 /* AdvancedLogger.swift */ = {isa = PBXFileReference; fileEncoding = 4; lastKnownFileType = sourcecode.swift; path = AdvancedLogger.swift; sourceTree = "<group>"; };
		02BEA1D62331D64C00C3E317 /* BaseLogger.swift */ = {isa = PBXFileReference; fileEncoding = 4; lastKnownFileType = sourcecode.swift; path = BaseLogger.swift; sourceTree = "<group>"; };
		02BEA1D72331D64C00C3E317 /* LogTextView.swift */ = {isa = PBXFileReference; fileEncoding = 4; lastKnownFileType = sourcecode.swift; path = LogTextView.swift; sourceTree = "<group>"; };
		02BEA1D92331D64D00C3E317 /* NSObjectExtension.swift */ = {isa = PBXFileReference; fileEncoding = 4; lastKnownFileType = sourcecode.swift; path = NSObjectExtension.swift; sourceTree = "<group>"; };
		02BEA1DA2331D64D00C3E317 /* DeviceGuruExtension.swift */ = {isa = PBXFileReference; fileEncoding = 4; lastKnownFileType = sourcecode.swift; path = DeviceGuruExtension.swift; sourceTree = "<group>"; };
		02BEA1DB2331D64D00C3E317 /* CGFloatExtension.swift */ = {isa = PBXFileReference; fileEncoding = 4; lastKnownFileType = sourcecode.swift; path = CGFloatExtension.swift; sourceTree = "<group>"; };
		02BEA1DC2331D64D00C3E317 /* UIViewController+Alerts.swift */ = {isa = PBXFileReference; fileEncoding = 4; lastKnownFileType = sourcecode.swift; path = "UIViewController+Alerts.swift"; sourceTree = "<group>"; };
		02BEA1E02331D64D00C3E317 /* JeromeNavigationBar.swift */ = {isa = PBXFileReference; fileEncoding = 4; lastKnownFileType = sourcecode.swift; path = JeromeNavigationBar.swift; sourceTree = "<group>"; };
		02BEA1E12331D64D00C3E317 /* JeromeNavigationBarStatusBarBaseVC.xib */ = {isa = PBXFileReference; fileEncoding = 4; lastKnownFileType = file.xib; path = JeromeNavigationBarStatusBarBaseVC.xib; sourceTree = "<group>"; };
		02BEA1E22331D64D00C3E317 /* BaseViewController.swift */ = {isa = PBXFileReference; fileEncoding = 4; lastKnownFileType = sourcecode.swift; path = BaseViewController.swift; sourceTree = "<group>"; };
		02BEA1E32331D64D00C3E317 /* Observable.swift */ = {isa = PBXFileReference; fileEncoding = 4; lastKnownFileType = sourcecode.swift; path = Observable.swift; sourceTree = "<group>"; };
		02BEA1E42331D64D00C3E317 /* StoryboardExtension.swift */ = {isa = PBXFileReference; fileEncoding = 4; lastKnownFileType = sourcecode.swift; path = StoryboardExtension.swift; sourceTree = "<group>"; };
		02BEA1F62331DA4200C3E317 /* Tests.xctest */ = {isa = PBXFileReference; explicitFileType = wrapper.cfbundle; includeInIndex = 0; path = Tests.xctest; sourceTree = BUILT_PRODUCTS_DIR; };
		02BEA1F82331DA4200C3E317 /* ImageLoaderTests.swift */ = {isa = PBXFileReference; lastKnownFileType = sourcecode.swift; path = ImageLoaderTests.swift; sourceTree = "<group>"; };
		02BEA1FA2331DA4200C3E317 /* Info.plist */ = {isa = PBXFileReference; lastKnownFileType = text.plist.xml; path = Info.plist; sourceTree = "<group>"; };
		02F9971E23346DF000EE21CA /* MainTabBarController.swift */ = {isa = PBXFileReference; fileEncoding = 4; lastKnownFileType = sourcecode.swift; path = MainTabBarController.swift; sourceTree = "<group>"; };
		02F9972123346DFE00EE21CA /* VideoCoordinator.swift */ = {isa = PBXFileReference; fileEncoding = 4; lastKnownFileType = sourcecode.swift; path = VideoCoordinator.swift; sourceTree = "<group>"; };
		02F9972223346DFE00EE21CA /* Coordinator.swift */ = {isa = PBXFileReference; fileEncoding = 4; lastKnownFileType = sourcecode.swift; path = Coordinator.swift; sourceTree = "<group>"; };
		02F9972523346EC500EE21CA /* CoordinatedNavigationController.swift */ = {isa = PBXFileReference; lastKnownFileType = sourcecode.swift; path = CoordinatedNavigationController.swift; sourceTree = "<group>"; };
		15D42DEFE91443B2AE3CC01C /* Pods-NewProject.test.xcconfig */ = {isa = PBXFileReference; includeInIndex = 1; lastKnownFileType = text.xcconfig; name = "Pods-NewProject.test.xcconfig"; path = "Target Support Files/Pods-NewProject/Pods-NewProject.test.xcconfig"; sourceTree = "<group>"; };
		2F14C1FE295572FE53589E3C /* Pods-ImageLoaderTests.release.xcconfig */ = {isa = PBXFileReference; includeInIndex = 1; lastKnownFileType = text.xcconfig; name = "Pods-ImageLoaderTests.release.xcconfig"; path = "Target Support Files/Pods-ImageLoaderTests/Pods-ImageLoaderTests.release.xcconfig"; sourceTree = "<group>"; };
		703948F048191ABF80999FE9 /* Pods-Tests.debug.xcconfig */ = {isa = PBXFileReference; includeInIndex = 1; lastKnownFileType = text.xcconfig; name = "Pods-Tests.debug.xcconfig"; path = "Target Support Files/Pods-Tests/Pods-Tests.debug.xcconfig"; sourceTree = "<group>"; };
		78B5075BE387B8E9BA200FD1 /* Pods-NewProject.debug.xcconfig */ = {isa = PBXFileReference; includeInIndex = 1; lastKnownFileType = text.xcconfig; name = "Pods-NewProject.debug.xcconfig"; path = "Target Support Files/Pods-NewProject/Pods-NewProject.debug.xcconfig"; sourceTree = "<group>"; };
		9669C43079E7D17EDB59639F /* Pods-Tests.test.xcconfig */ = {isa = PBXFileReference; includeInIndex = 1; lastKnownFileType = text.xcconfig; name = "Pods-Tests.test.xcconfig"; path = "Target Support Files/Pods-Tests/Pods-Tests.test.xcconfig"; sourceTree = "<group>"; };
		A410BFE005C122C709D81B52 /* Pods-NewProject.release.xcconfig */ = {isa = PBXFileReference; includeInIndex = 1; lastKnownFileType = text.xcconfig; name = "Pods-NewProject.release.xcconfig"; path = "Target Support Files/Pods-NewProject/Pods-NewProject.release.xcconfig"; sourceTree = "<group>"; };
		B933639B5ADB1E075213BBFA /* Pods_Tests.framework */ = {isa = PBXFileReference; explicitFileType = wrapper.framework; includeInIndex = 0; path = Pods_Tests.framework; sourceTree = BUILT_PRODUCTS_DIR; };
		D2956F0BA3BC45CC87A49758 /* Pods-ImageLoaderTests.debug.xcconfig */ = {isa = PBXFileReference; includeInIndex = 1; lastKnownFileType = text.xcconfig; name = "Pods-ImageLoaderTests.debug.xcconfig"; path = "Target Support Files/Pods-ImageLoaderTests/Pods-ImageLoaderTests.debug.xcconfig"; sourceTree = "<group>"; };
		D3CDD08B8AB2F431ED004CB8 /* Pods-Tests.release.xcconfig */ = {isa = PBXFileReference; includeInIndex = 1; lastKnownFileType = text.xcconfig; name = "Pods-Tests.release.xcconfig"; path = "Target Support Files/Pods-Tests/Pods-Tests.release.xcconfig"; sourceTree = "<group>"; };
		E2AD90FB7DF2E36860D14198 /* Pods_NewProject.framework */ = {isa = PBXFileReference; explicitFileType = wrapper.framework; includeInIndex = 0; path = Pods_NewProject.framework; sourceTree = BUILT_PRODUCTS_DIR; };
/* End PBXFileReference section */

/* Begin PBXFrameworksBuildPhase section */
		0264473E2327CF6200822485 /* Frameworks */ = {
			isa = PBXFrameworksBuildPhase;
			buildActionMask = 2147483647;
			files = (
				9BFA9D32793D30310FAC46AD /* Pods_NewProject.framework in Frameworks */,
			);
			runOnlyForDeploymentPostprocessing = 0;
		};
		02BEA1F32331DA4200C3E317 /* Frameworks */ = {
			isa = PBXFrameworksBuildPhase;
			buildActionMask = 2147483647;
			files = (
				8AE4D2886450314D4B688D9C /* Pods_Tests.framework in Frameworks */,
			);
			runOnlyForDeploymentPostprocessing = 0;
		};
/* End PBXFrameworksBuildPhase section */

/* Begin PBXGroup section */
		026447382327CF6200822485 = {
			isa = PBXGroup;
			children = (
				026447432327CF6200822485 /* NewProject */,
				02BEA1F72331DA4200C3E317 /* Tests */,
				026447422327CF6200822485 /* Products */,
				DAF1579242ED16360EB8D169 /* Pods */,
				B89BBF03FAC17BB9C57B03BA /* Frameworks */,
			);
			sourceTree = "<group>";
		};
		026447422327CF6200822485 /* Products */ = {
			isa = PBXGroup;
			children = (
				026447412327CF6200822485 /* NewProject.app */,
				02BEA1F62331DA4200C3E317 /* Tests.xctest */,
			);
			name = Products;
			sourceTree = "<group>";
		};
		026447432327CF6200822485 /* NewProject */ = {
			isa = PBXGroup;
			children = (
				0269A8E3233DAA6900A4CEC9 /* Models */,
				02F9972023346DFE00EE21CA /* Coordinator */,
				02BEA1D42331D64C00C3E317 /* Log */,
				02BEA1D82331D64D00C3E317 /* Utils */,
				02BEA1CD2331D62800C3E317 /* Network */,
				02BEA1CA2331D61100C3E317 /* Images */,
				02BEA1C52331D5DE00C3E317 /* Core Data */,
				026447582327D06500822485 /* Support */,
				026447442327CF6200822485 /* AppDelegate.swift */,
				02F9971E23346DF000EE21CA /* MainTabBarController.swift */,
				026447462327CF6200822485 /* ViewController.swift */,
				026447482327CF6200822485 /* Main.storyboard */,
			);
			path = NewProject;
			sourceTree = "<group>";
		};
		026447582327D06500822485 /* Support */ = {
			isa = PBXGroup;
			children = (
				0239358E2359607A009E08E3 /* InfoPlist.strings */,
				0239359123596089009E08E3 /* Localizable.strings */,
				026A4E37235702D400993CD9 /* R.generated.swift */,
				0264474B2327CF6300822485 /* Assets.xcassets */,
				026447502327CF6300822485 /* Info.plist */,
				0264474D2327CF6300822485 /* LaunchScreen.storyboard */,
			);
			path = Support;
			sourceTree = "<group>";
		};
		0269A8E3233DAA6900A4CEC9 /* Models */ = {
			isa = PBXGroup;
			children = (
			);
			path = Models;
			sourceTree = "<group>";
		};
		0282FB42235FD23600CBB8D5 /* LoginTextFieldView */ = {
			isa = PBXGroup;
			children = (
				0282FB43235FD23600CBB8D5 /* LoginTextFieldSuperView.swift */,
				0282FB44235FD23600CBB8D5 /* LoginTextFieldView.xib */,
				0282FB45235FD23600CBB8D5 /* LoginTextFieldView.swift */,
			);
			path = LoginTextFieldView;
			sourceTree = "<group>";
		};
		0282FB4A235FD26300CBB8D5 /* ButtonWithImageAndLabel */ = {
			isa = PBXGroup;
			children = (
				0282FB4B235FD26300CBB8D5 /* ButtonWithImageAndLabelView.xib */,
				0282FB4C235FD26300CBB8D5 /* ButtonWithImageAndLabelView.swift */,
				0282FB4D235FD26300CBB8D5 /* ButtonWithImageAndLabelSuperView.swift */,
			);
			path = ButtonWithImageAndLabel;
			sourceTree = "<group>";
		};
		02BEA1C52331D5DE00C3E317 /* Core Data */ = {
			isa = PBXGroup;
			children = (
				02BEA1C62331D5F700C3E317 /* CoreDataConnect.swift */,
				02BEA1C72331D5F700C3E317 /* NSPersistentContainerExtension.swift */,
				020AB43C2350AD4E00ED6A6A /* PersistentContainerManager.swift */,
			);
			path = "Core Data";
			sourceTree = "<group>";
		};
		02BEA1CA2331D61100C3E317 /* Images */ = {
			isa = PBXGroup;
			children = (
				02BEA1CB2331D61100C3E317 /* ImageLoader.swift */,
			);
			path = Images;
			sourceTree = "<group>";
		};
		02BEA1CD2331D62800C3E317 /* Network */ = {
			isa = PBXGroup;
			children = (
				02BEA1CE2331D62800C3E317 /* NetworkRequestOperation.swift */,
				02BEA1CF2331D62800C3E317 /* AsynchronousOperation.swift */,
				02BEA1D02331D62800C3E317 /* APIRequest.swift */,
			);
			path = Network;
			sourceTree = "<group>";
		};
		02BEA1D42331D64C00C3E317 /* Log */ = {
			isa = PBXGroup;
			children = (
				02BEA1D52331D64C00C3E317 /* AdvancedLogger.swift */,
				02BEA1D62331D64C00C3E317 /* BaseLogger.swift */,
				02BEA1D72331D64C00C3E317 /* LogTextView.swift */,
			);
			path = Log;
			sourceTree = "<group>";
		};
		02BEA1D82331D64D00C3E317 /* Utils */ = {
			isa = PBXGroup;
			children = (
				02BEA1DE2331D64D00C3E317 /* Base */,
				02BEA1D92331D64D00C3E317 /* NSObjectExtension.swift */,
				02BEA1DA2331D64D00C3E317 /* DeviceGuruExtension.swift */,
				02BEA1DB2331D64D00C3E317 /* CGFloatExtension.swift */,
				02BEA1DC2331D64D00C3E317 /* UIViewController+Alerts.swift */,
				02BEA1E42331D64D00C3E317 /* StoryboardExtension.swift */,
				0269A8E6233DAB0E00A4CEC9 /* UIColorExtension.swift */,
				02682A47236D35340022C1F0 /* DateExtension.swift */,
			);
			path = Utils;
			sourceTree = "<group>";
		};
		02BEA1DE2331D64D00C3E317 /* Base */ = {
			isa = PBXGroup;
			children = (
				02BEA1DF2331D64D00C3E317 /* UI */,
				02BEA1E22331D64D00C3E317 /* BaseViewController.swift */,
				0269A8E4233DAAD900A4CEC9 /* BaseView.swift */,
				02BEA1E32331D64D00C3E317 /* Observable.swift */,
			);
			path = Base;
			sourceTree = "<group>";
		};
		02BEA1DF2331D64D00C3E317 /* UI */ = {
			isa = PBXGroup;
			children = (
				0282FB42235FD23600CBB8D5 /* LoginTextFieldView */,
				02BEA1E02331D64D00C3E317 /* JeromeNavigationBar.swift */,
				02BEA1E12331D64D00C3E317 /* JeromeNavigationBarStatusBarBaseVC.xib */,
				0282FB4A235FD26300CBB8D5 /* ButtonWithImageAndLabel */,
				0282FB49235FD26300CBB8D5 /* UIButtonExtension.swift */,
			);
			path = UI;
			sourceTree = "<group>";
		};
		02BEA1F72331DA4200C3E317 /* Tests */ = {
			isa = PBXGroup;
			children = (
				020AB43E2350AF1800ED6A6A /* CoreDataTests.swift */,
				02BEA1F82331DA4200C3E317 /* ImageLoaderTests.swift */,
				02BEA1FA2331DA4200C3E317 /* Info.plist */,
			);
			path = Tests;
			sourceTree = "<group>";
		};
		02F9972023346DFE00EE21CA /* Coordinator */ = {
			isa = PBXGroup;
			children = (
				02F9972123346DFE00EE21CA /* VideoCoordinator.swift */,
				02F9972223346DFE00EE21CA /* Coordinator.swift */,
				02F9972523346EC500EE21CA /* CoordinatedNavigationController.swift */,
			);
			path = Coordinator;
			sourceTree = "<group>";
		};
		B89BBF03FAC17BB9C57B03BA /* Frameworks */ = {
			isa = PBXGroup;
			children = (
				E2AD90FB7DF2E36860D14198 /* Pods_NewProject.framework */,
				B933639B5ADB1E075213BBFA /* Pods_Tests.framework */,
			);
			name = Frameworks;
			sourceTree = "<group>";
		};
		DAF1579242ED16360EB8D169 /* Pods */ = {
			isa = PBXGroup;
			children = (
				78B5075BE387B8E9BA200FD1 /* Pods-NewProject.debug.xcconfig */,
				A410BFE005C122C709D81B52 /* Pods-NewProject.release.xcconfig */,
				D2956F0BA3BC45CC87A49758 /* Pods-ImageLoaderTests.debug.xcconfig */,
				2F14C1FE295572FE53589E3C /* Pods-ImageLoaderTests.release.xcconfig */,
				15D42DEFE91443B2AE3CC01C /* Pods-NewProject.test.xcconfig */,
				703948F048191ABF80999FE9 /* Pods-Tests.debug.xcconfig */,
				9669C43079E7D17EDB59639F /* Pods-Tests.test.xcconfig */,
				D3CDD08B8AB2F431ED004CB8 /* Pods-Tests.release.xcconfig */,
			);
			path = Pods;
			sourceTree = "<group>";
		};
/* End PBXGroup section */

/* Begin PBXNativeTarget section */
		026447402327CF6200822485 /* NewProject */ = {
			isa = PBXNativeTarget;
			buildConfigurationList = 026447532327CF6300822485 /* Build configuration list for PBXNativeTarget "NewProject" */;
			buildPhases = (
				880264DA6434E666C3A6A445 /* [CP] Check Pods Manifest.lock */,
				026447562327CFF900822485 /* R.swift Run Script */,
				0264473D2327CF6200822485 /* Sources */,
				0264473E2327CF6200822485 /* Frameworks */,
				0264473F2327CF6200822485 /* Resources */,
				045356C5096727350371C5BC /* [CP] Embed Pods Frameworks */,
			);
			buildRules = (
			);
			dependencies = (
			);
			name = NewProject;
			productName = NewProject;
			productReference = 026447412327CF6200822485 /* NewProject.app */;
			productType = "com.apple.product-type.application";
		};
		02BEA1F52331DA4200C3E317 /* Tests */ = {
			isa = PBXNativeTarget;
			buildConfigurationList = 02BEA1FF2331DA4200C3E317 /* Build configuration list for PBXNativeTarget "Tests" */;
			buildPhases = (
				5B7FE0303EFCD71B932A9280 /* [CP] Check Pods Manifest.lock */,
				02BEA2072331E42A00C3E317 /* SwiftFormat Run Script */,
				02BEA1F22331DA4200C3E317 /* Sources */,
				02BEA1F32331DA4200C3E317 /* Frameworks */,
				02BEA1F42331DA4200C3E317 /* Resources */,
			);
			buildRules = (
			);
			dependencies = (
				02BEA1FC2331DA4200C3E317 /* PBXTargetDependency */,
			);
			name = Tests;
			productName = ImageLoaderTests;
			productReference = 02BEA1F62331DA4200C3E317 /* Tests.xctest */;
			productType = "com.apple.product-type.bundle.unit-test";
		};
/* End PBXNativeTarget section */

/* Begin PBXProject section */
		026447392327CF6200822485 /* Project object */ = {
			isa = PBXProject;
			attributes = {
				LastSwiftUpdateCheck = 1030;
				LastUpgradeCheck = 1030;
				ORGANIZATIONNAME = jerome;
				TargetAttributes = {
					026447402327CF6200822485 = {
						CreatedOnToolsVersion = 10.3;
					};
					02BEA1F52331DA4200C3E317 = {
						CreatedOnToolsVersion = 10.3;
						TestTargetID = 026447402327CF6200822485;
					};
				};
			};
			buildConfigurationList = 0264473C2327CF6200822485 /* Build configuration list for PBXProject "NewProject" */;
			compatibilityVersion = "Xcode 9.3";
			developmentRegion = en;
			hasScannedForEncodings = 0;
			knownRegions = (
				en,
				Base,
			);
			mainGroup = 026447382327CF6200822485;
			productRefGroup = 026447422327CF6200822485 /* Products */;
			projectDirPath = "";
			projectRoot = "";
			targets = (
				026447402327CF6200822485 /* NewProject */,
				02BEA1F52331DA4200C3E317 /* Tests */,
			);
		};
/* End PBXProject section */

/* Begin PBXResourcesBuildPhase section */
		0264473F2327CF6200822485 /* Resources */ = {
			isa = PBXResourcesBuildPhase;
			buildActionMask = 2147483647;
			files = (
				0264474F2327CF6300822485 /* LaunchScreen.storyboard in Resources */,
				0239358C2359607A009E08E3 /* InfoPlist.strings in Resources */,
				0239358F23596089009E08E3 /* Localizable.strings in Resources */,
				0282FB47235FD23600CBB8D5 /* LoginTextFieldView.xib in Resources */,
				0264474C2327CF6300822485 /* Assets.xcassets in Resources */,
				0282FB4F235FD26300CBB8D5 /* ButtonWithImageAndLabelView.xib in Resources */,
				0264474A2327CF6200822485 /* Main.storyboard in Resources */,
				02BEA1EE2331D64D00C3E317 /* JeromeNavigationBarStatusBarBaseVC.xib in Resources */,
			);
			runOnlyForDeploymentPostprocessing = 0;
		};
		02BEA1F42331DA4200C3E317 /* Resources */ = {
			isa = PBXResourcesBuildPhase;
			buildActionMask = 2147483647;
			files = (
			);
			runOnlyForDeploymentPostprocessing = 0;
		};
/* End PBXResourcesBuildPhase section */

/* Begin PBXShellScriptBuildPhase section */
		026447562327CFF900822485 /* R.swift Run Script */ = {
			isa = PBXShellScriptBuildPhase;
			buildActionMask = 2147483647;
			files = (
			);
			inputFileListPaths = (
			);
			inputPaths = (
				"$TEMP_DIR/rswift-lastrun",
			);
			name = "R.swift Run Script";
			outputFileListPaths = (
			);
			outputPaths = (
				$SRCROOT/R.generated.swift,
			);
			runOnlyForDeploymentPostprocessing = 0;
			shellPath = /bin/sh;
			shellScript = "# Type a script or drag a script file from your workspace to insert its path.\n\"$PODS_ROOT/R.swift/rswift\" generate \"$SRCROOT/R.generated.swift\"\n";
		};
		02BEA2072331E42A00C3E317 /* SwiftFormat Run Script */ = {
			isa = PBXShellScriptBuildPhase;
			buildActionMask = 2147483647;
			files = (
			);
			inputFileListPaths = (
			);
			inputPaths = (
			);
			name = "SwiftFormat Run Script";
			outputFileListPaths = (
			);
			outputPaths = (
			);
			runOnlyForDeploymentPostprocessing = 0;
			shellPath = /bin/sh;
			shellScript = "# Type a script or drag a script file from your workspace to insert its path.\n\"$PODS_ROOT/SwiftFormat/CommandLineTool/swiftformat\"\n";
		};
		045356C5096727350371C5BC /* [CP] Embed Pods Frameworks */ = {
			isa = PBXShellScriptBuildPhase;
			buildActionMask = 2147483647;
			files = (
			);
			inputFileListPaths = (
				"${PODS_ROOT}/Target Support Files/Pods-NewProject/Pods-NewProject-frameworks-${CONFIGURATION}-input-files.xcfilelist",
			);
			name = "[CP] Embed Pods Frameworks";
			outputFileListPaths = (
				"${PODS_ROOT}/Target Support Files/Pods-NewProject/Pods-NewProject-frameworks-${CONFIGURATION}-output-files.xcfilelist",
			);
			runOnlyForDeploymentPostprocessing = 0;
			shellPath = /bin/sh;
			shellScript = "\"${PODS_ROOT}/Target Support Files/Pods-NewProject/Pods-NewProject-frameworks.sh\"\n";
			showEnvVarsInLog = 0;
		};
		5B7FE0303EFCD71B932A9280 /* [CP] Check Pods Manifest.lock */ = {
			isa = PBXShellScriptBuildPhase;
			buildActionMask = 2147483647;
			files = (
			);
			inputFileListPaths = (
			);
			inputPaths = (
				"${PODS_PODFILE_DIR_PATH}/Podfile.lock",
				"${PODS_ROOT}/Manifest.lock",
			);
			name = "[CP] Check Pods Manifest.lock";
			outputFileListPaths = (
			);
			outputPaths = (
				"$(DERIVED_FILE_DIR)/Pods-Tests-checkManifestLockResult.txt",
			);
			runOnlyForDeploymentPostprocessing = 0;
			shellPath = /bin/sh;
			shellScript = "diff \"${PODS_PODFILE_DIR_PATH}/Podfile.lock\" \"${PODS_ROOT}/Manifest.lock\" > /dev/null\nif [ $? != 0 ] ; then\n    # print error to STDERR\n    echo \"error: The sandbox is not in sync with the Podfile.lock. Run 'pod install' or update your CocoaPods installation.\" >&2\n    exit 1\nfi\n# This output is used by Xcode 'outputs' to avoid re-running this script phase.\necho \"SUCCESS\" > \"${SCRIPT_OUTPUT_FILE_0}\"\n";
			showEnvVarsInLog = 0;
		};
		880264DA6434E666C3A6A445 /* [CP] Check Pods Manifest.lock */ = {
			isa = PBXShellScriptBuildPhase;
			buildActionMask = 2147483647;
			files = (
			);
			inputFileListPaths = (
			);
			inputPaths = (
				"${PODS_PODFILE_DIR_PATH}/Podfile.lock",
				"${PODS_ROOT}/Manifest.lock",
			);
			name = "[CP] Check Pods Manifest.lock";
			outputFileListPaths = (
			);
			outputPaths = (
				"$(DERIVED_FILE_DIR)/Pods-NewProject-checkManifestLockResult.txt",
			);
			runOnlyForDeploymentPostprocessing = 0;
			shellPath = /bin/sh;
			shellScript = "diff \"${PODS_PODFILE_DIR_PATH}/Podfile.lock\" \"${PODS_ROOT}/Manifest.lock\" > /dev/null\nif [ $? != 0 ] ; then\n    # print error to STDERR\n    echo \"error: The sandbox is not in sync with the Podfile.lock. Run 'pod install' or update your CocoaPods installation.\" >&2\n    exit 1\nfi\n# This output is used by Xcode 'outputs' to avoid re-running this script phase.\necho \"SUCCESS\" > \"${SCRIPT_OUTPUT_FILE_0}\"\n";
			showEnvVarsInLog = 0;
		};
/* End PBXShellScriptBuildPhase section */

/* Begin PBXSourcesBuildPhase section */
		0264473D2327CF6200822485 /* Sources */ = {
			isa = PBXSourcesBuildPhase;
			buildActionMask = 2147483647;
			files = (
				02BEA1F02331D64D00C3E317 /* Observable.swift in Sources */,
				02BEA1D12331D62800C3E317 /* NetworkRequestOperation.swift in Sources */,
				02BEA1C82331D5F700C3E317 /* CoreDataConnect.swift in Sources */,
				026447472327CF6200822485 /* ViewController.swift in Sources */,
				02BEA1ED2331D64D00C3E317 /* JeromeNavigationBar.swift in Sources */,
				02BEA1CC2331D61100C3E317 /* ImageLoader.swift in Sources */,
				02BEA1EF2331D64D00C3E317 /* BaseViewController.swift in Sources */,
				02BEA1E92331D64D00C3E317 /* DeviceGuruExtension.swift in Sources */,
				0282FB4E235FD26300CBB8D5 /* UIButtonExtension.swift in Sources */,
				02F9972623346EC500EE21CA /* CoordinatedNavigationController.swift in Sources */,
				02BEA1D22331D62800C3E317 /* AsynchronousOperation.swift in Sources */,
				02BEA1C92331D5F700C3E317 /* NSPersistentContainerExtension.swift in Sources */,
				0282FB46235FD23600CBB8D5 /* LoginTextFieldSuperView.swift in Sources */,
				0282FB50235FD26300CBB8D5 /* ButtonWithImageAndLabelView.swift in Sources */,
				02BEA1E62331D64D00C3E317 /* BaseLogger.swift in Sources */,
				02BEA1E82331D64D00C3E317 /* NSObjectExtension.swift in Sources */,
				02BEA1E52331D64D00C3E317 /* AdvancedLogger.swift in Sources */,
				02BEA1EA2331D64D00C3E317 /* CGFloatExtension.swift in Sources */,
				0269A8E5233DAAD900A4CEC9 /* BaseView.swift in Sources */,
				02BEA1D32331D62800C3E317 /* APIRequest.swift in Sources */,
				0269A8E7233DAB0E00A4CEC9 /* UIColorExtension.swift in Sources */,
				020AB43D2350AD4E00ED6A6A /* PersistentContainerManager.swift in Sources */,
				0282FB48235FD23600CBB8D5 /* LoginTextFieldView.swift in Sources */,
				026447452327CF6200822485 /* AppDelegate.swift in Sources */,
				026A4E38235702D400993CD9 /* R.generated.swift in Sources */,
				02F9972423346DFE00EE21CA /* Coordinator.swift in Sources */,
				02F9971F23346DF000EE21CA /* MainTabBarController.swift in Sources */,
				02BEA1EB2331D64D00C3E317 /* UIViewController+Alerts.swift in Sources */,
				02682A48236D35350022C1F0 /* DateExtension.swift in Sources */,
				02BEA1F12331D64D00C3E317 /* StoryboardExtension.swift in Sources */,
				02F9972323346DFE00EE21CA /* VideoCoordinator.swift in Sources */,
				02BEA1E72331D64D00C3E317 /* LogTextView.swift in Sources */,
				0282FB51235FD26300CBB8D5 /* ButtonWithImageAndLabelSuperView.swift in Sources */,
			);
			runOnlyForDeploymentPostprocessing = 0;
		};
		02BEA1F22331DA4200C3E317 /* Sources */ = {
			isa = PBXSourcesBuildPhase;
			buildActionMask = 2147483647;
			files = (
				02BEA1F92331DA4200C3E317 /* ImageLoaderTests.swift in Sources */,
				020AB4422350AF3D00ED6A6A /* NSPersistentContainerExtension.swift in Sources */,
				020AB43F2350AF1800ED6A6A /* CoreDataTests.swift in Sources */,
				02BEA2042331DAB300C3E317 /* BaseLogger.swift in Sources */,
				02BEA2052331DB1500C3E317 /* ImageLoader.swift in Sources */,
				020AB4412350AF3B00ED6A6A /* PersistentContainerManager.swift in Sources */,
				02682A49236D35350022C1F0 /* DateExtension.swift in Sources */,
				02BEA2012331DA8F00C3E317 /* NetworkRequestOperation.swift in Sources */,
				020AB4402350AF3800ED6A6A /* CoreDataConnect.swift in Sources */,
				02BEA2032331DA9300C3E317 /* APIRequest.swift in Sources */,
				02BEA2022331DA9100C3E317 /* AsynchronousOperation.swift in Sources */,
			);
			runOnlyForDeploymentPostprocessing = 0;
		};
/* End PBXSourcesBuildPhase section */

/* Begin PBXTargetDependency section */
		02BEA1FC2331DA4200C3E317 /* PBXTargetDependency */ = {
			isa = PBXTargetDependency;
			target = 026447402327CF6200822485 /* NewProject */;
			targetProxy = 02BEA1FB2331DA4200C3E317 /* PBXContainerItemProxy */;
		};
/* End PBXTargetDependency section */

/* Begin PBXVariantGroup section */
		0239358E2359607A009E08E3 /* InfoPlist.strings */ = {
			isa = PBXVariantGroup;
			children = (
				0239358D2359607A009E08E3 /* en */,
			);
			name = InfoPlist.strings;
			sourceTree = "<group>";
		};
		0239359123596089009E08E3 /* Localizable.strings */ = {
			isa = PBXVariantGroup;
			children = (
				0239359023596089009E08E3 /* en */,
			);
			name = Localizable.strings;
			sourceTree = "<group>";
		};
		026447482327CF6200822485 /* Main.storyboard */ = {
			isa = PBXVariantGroup;
			children = (
				026447492327CF6200822485 /* Base */,
			);
			name = Main.storyboard;
			sourceTree = "<group>";
		};
		0264474D2327CF6300822485 /* LaunchScreen.storyboard */ = {
			isa = PBXVariantGroup;
			children = (
				0264474E2327CF6300822485 /* Base */,
			);
			name = LaunchScreen.storyboard;
			sourceTree = "<group>";
		};
/* End PBXVariantGroup section */

/* Begin XCBuildConfiguration section */
		020AB4432350B03400ED6A6A /* Test */ = {
			isa = XCBuildConfiguration;
			buildSettings = {
				ALWAYS_SEARCH_USER_PATHS = NO;
				CLANG_ANALYZER_NONNULL = YES;
				CLANG_ANALYZER_NUMBER_OBJECT_CONVERSION = YES_AGGRESSIVE;
				CLANG_CXX_LANGUAGE_STANDARD = "gnu++14";
				CLANG_CXX_LIBRARY = "libc++";
				CLANG_ENABLE_MODULES = YES;
				CLANG_ENABLE_OBJC_ARC = YES;
				CLANG_ENABLE_OBJC_WEAK = YES;
				CLANG_WARN_BLOCK_CAPTURE_AUTORELEASING = YES;
				CLANG_WARN_BOOL_CONVERSION = YES;
				CLANG_WARN_COMMA = YES;
				CLANG_WARN_CONSTANT_CONVERSION = YES;
				CLANG_WARN_DEPRECATED_OBJC_IMPLEMENTATIONS = YES;
				CLANG_WARN_DIRECT_OBJC_ISA_USAGE = YES_ERROR;
				CLANG_WARN_DOCUMENTATION_COMMENTS = YES;
				CLANG_WARN_EMPTY_BODY = YES;
				CLANG_WARN_ENUM_CONVERSION = YES;
				CLANG_WARN_INFINITE_RECURSION = YES;
				CLANG_WARN_INT_CONVERSION = YES;
				CLANG_WARN_NON_LITERAL_NULL_CONVERSION = YES;
				CLANG_WARN_OBJC_IMPLICIT_RETAIN_SELF = YES;
				CLANG_WARN_OBJC_LITERAL_CONVERSION = YES;
				CLANG_WARN_OBJC_ROOT_CLASS = YES_ERROR;
				CLANG_WARN_RANGE_LOOP_ANALYSIS = YES;
				CLANG_WARN_STRICT_PROTOTYPES = YES;
				CLANG_WARN_SUSPICIOUS_MOVE = YES;
				CLANG_WARN_UNGUARDED_AVAILABILITY = YES_AGGRESSIVE;
				CLANG_WARN_UNREACHABLE_CODE = YES;
				CLANG_WARN__DUPLICATE_METHOD_MATCH = YES;
				CODE_SIGN_IDENTITY = "iPhone Developer";
				COPY_PHASE_STRIP = NO;
				DEBUG_INFORMATION_FORMAT = dwarf;
				ENABLE_STRICT_OBJC_MSGSEND = YES;
				ENABLE_TESTABILITY = YES;
				GCC_C_LANGUAGE_STANDARD = gnu11;
				GCC_DYNAMIC_NO_PIC = NO;
				GCC_NO_COMMON_BLOCKS = YES;
				GCC_OPTIMIZATION_LEVEL = 0;
				GCC_PREPROCESSOR_DEFINITIONS = (
					"DEBUG=1",
					"$(inherited)",
				);
				GCC_WARN_64_TO_32_BIT_CONVERSION = YES;
				GCC_WARN_ABOUT_RETURN_TYPE = YES_ERROR;
				GCC_WARN_UNDECLARED_SELECTOR = YES;
				GCC_WARN_UNINITIALIZED_AUTOS = YES_AGGRESSIVE;
				GCC_WARN_UNUSED_FUNCTION = YES;
				GCC_WARN_UNUSED_VARIABLE = YES;
				IPHONEOS_DEPLOYMENT_TARGET = 12.4;
				MTL_ENABLE_DEBUG_INFO = INCLUDE_SOURCE;
				MTL_FAST_MATH = YES;
				ONLY_ACTIVE_ARCH = YES;
				SDKROOT = iphoneos;
				SWIFT_ACTIVE_COMPILATION_CONDITIONS = DEBUG;
				SWIFT_OPTIMIZATION_LEVEL = "-Onone";
			};
			name = Test;
		};
		020AB4442350B03400ED6A6A /* Test */ = {
			isa = XCBuildConfiguration;
			baseConfigurationReference = 15D42DEFE91443B2AE3CC01C /* Pods-NewProject.test.xcconfig */;
			buildSettings = {
				ASSETCATALOG_COMPILER_APPICON_NAME = AppIcon;
				CODE_SIGN_STYLE = Automatic;
				CURRENT_PROJECT_VERSION = 1;
				DEVELOPMENT_TEAM = 47FGBWZVJ9;
				INFOPLIST_FILE = NewProject/Support/Info.plist;
				LD_RUNPATH_SEARCH_PATHS = (
					"$(inherited)",
					"@executable_path/Frameworks",
				);
				OTHER_SWIFT_FLAGS = "$(inherited) -D COCOAPODS -DTEST";
				PRODUCT_BUNDLE_IDENTIFIER = me.jerome.NewProject;
				PRODUCT_NAME = "$(TARGET_NAME)";
				SWIFT_ACTIVE_COMPILATION_CONDITIONS = DEBUG;
				SWIFT_VERSION = 5.0;
				TARGETED_DEVICE_FAMILY = "1,2";
				VERSIONING_SYSTEM = "apple-generic";
			};
			name = Test;
		};
		020AB4452350B03400ED6A6A /* Test */ = {
			isa = XCBuildConfiguration;
			baseConfigurationReference = 9669C43079E7D17EDB59639F /* Pods-Tests.test.xcconfig */;
			buildSettings = {
				BUNDLE_LOADER = "$(TEST_HOST)";
				CODE_SIGN_STYLE = Automatic;
				DEVELOPMENT_TEAM = 47FGBWZVJ9;
				INFOPLIST_FILE = Tests/Info.plist;
				LD_RUNPATH_SEARCH_PATHS = (
					"$(inherited)",
					"@executable_path/Frameworks",
					"@loader_path/Frameworks",
				);
				OTHER_SWIFT_FLAGS = "-DTEST";
				PRODUCT_BUNDLE_IDENTIFIER = me.jerome.Tests;
				PRODUCT_NAME = "$(TARGET_NAME)";
				SWIFT_VERSION = 5.0;
				TARGETED_DEVICE_FAMILY = "1,2";
				TEST_HOST = "$(BUILT_PRODUCTS_DIR)/NewProject.app/NewProject";
			};
			name = Test;
		};
		026447512327CF6300822485 /* Debug */ = {
			isa = XCBuildConfiguration;
			buildSettings = {
				ALWAYS_SEARCH_USER_PATHS = NO;
				CLANG_ANALYZER_NONNULL = YES;
				CLANG_ANALYZER_NUMBER_OBJECT_CONVERSION = YES_AGGRESSIVE;
				CLANG_CXX_LANGUAGE_STANDARD = "gnu++14";
				CLANG_CXX_LIBRARY = "libc++";
				CLANG_ENABLE_MODULES = YES;
				CLANG_ENABLE_OBJC_ARC = YES;
				CLANG_ENABLE_OBJC_WEAK = YES;
				CLANG_WARN_BLOCK_CAPTURE_AUTORELEASING = YES;
				CLANG_WARN_BOOL_CONVERSION = YES;
				CLANG_WARN_COMMA = YES;
				CLANG_WARN_CONSTANT_CONVERSION = YES;
				CLANG_WARN_DEPRECATED_OBJC_IMPLEMENTATIONS = YES;
				CLANG_WARN_DIRECT_OBJC_ISA_USAGE = YES_ERROR;
				CLANG_WARN_DOCUMENTATION_COMMENTS = YES;
				CLANG_WARN_EMPTY_BODY = YES;
				CLANG_WARN_ENUM_CONVERSION = YES;
				CLANG_WARN_INFINITE_RECURSION = YES;
				CLANG_WARN_INT_CONVERSION = YES;
				CLANG_WARN_NON_LITERAL_NULL_CONVERSION = YES;
				CLANG_WARN_OBJC_IMPLICIT_RETAIN_SELF = YES;
				CLANG_WARN_OBJC_LITERAL_CONVERSION = YES;
				CLANG_WARN_OBJC_ROOT_CLASS = YES_ERROR;
				CLANG_WARN_RANGE_LOOP_ANALYSIS = YES;
				CLANG_WARN_STRICT_PROTOTYPES = YES;
				CLANG_WARN_SUSPICIOUS_MOVE = YES;
				CLANG_WARN_UNGUARDED_AVAILABILITY = YES_AGGRESSIVE;
				CLANG_WARN_UNREACHABLE_CODE = YES;
				CLANG_WARN__DUPLICATE_METHOD_MATCH = YES;
				CODE_SIGN_IDENTITY = "iPhone Developer";
				COPY_PHASE_STRIP = NO;
				DEBUG_INFORMATION_FORMAT = dwarf;
				ENABLE_STRICT_OBJC_MSGSEND = YES;
				ENABLE_TESTABILITY = YES;
				GCC_C_LANGUAGE_STANDARD = gnu11;
				GCC_DYNAMIC_NO_PIC = NO;
				GCC_NO_COMMON_BLOCKS = YES;
				GCC_OPTIMIZATION_LEVEL = 0;
				GCC_PREPROCESSOR_DEFINITIONS = (
					"DEBUG=1",
					"$(inherited)",
				);
				GCC_WARN_64_TO_32_BIT_CONVERSION = YES;
				GCC_WARN_ABOUT_RETURN_TYPE = YES_ERROR;
				GCC_WARN_UNDECLARED_SELECTOR = YES;
				GCC_WARN_UNINITIALIZED_AUTOS = YES_AGGRESSIVE;
				GCC_WARN_UNUSED_FUNCTION = YES;
				GCC_WARN_UNUSED_VARIABLE = YES;
				IPHONEOS_DEPLOYMENT_TARGET = 12.4;
				MTL_ENABLE_DEBUG_INFO = INCLUDE_SOURCE;
				MTL_FAST_MATH = YES;
				ONLY_ACTIVE_ARCH = YES;
				SDKROOT = iphoneos;
				SWIFT_ACTIVE_COMPILATION_CONDITIONS = DEBUG;
				SWIFT_OPTIMIZATION_LEVEL = "-Onone";
			};
			name = Debug;
		};
		026447522327CF6300822485 /* Release */ = {
			isa = XCBuildConfiguration;
			buildSettings = {
				ALWAYS_SEARCH_USER_PATHS = NO;
				CLANG_ANALYZER_NONNULL = YES;
				CLANG_ANALYZER_NUMBER_OBJECT_CONVERSION = YES_AGGRESSIVE;
				CLANG_CXX_LANGUAGE_STANDARD = "gnu++14";
				CLANG_CXX_LIBRARY = "libc++";
				CLANG_ENABLE_MODULES = YES;
				CLANG_ENABLE_OBJC_ARC = YES;
				CLANG_ENABLE_OBJC_WEAK = YES;
				CLANG_WARN_BLOCK_CAPTURE_AUTORELEASING = YES;
				CLANG_WARN_BOOL_CONVERSION = YES;
				CLANG_WARN_COMMA = YES;
				CLANG_WARN_CONSTANT_CONVERSION = YES;
				CLANG_WARN_DEPRECATED_OBJC_IMPLEMENTATIONS = YES;
				CLANG_WARN_DIRECT_OBJC_ISA_USAGE = YES_ERROR;
				CLANG_WARN_DOCUMENTATION_COMMENTS = YES;
				CLANG_WARN_EMPTY_BODY = YES;
				CLANG_WARN_ENUM_CONVERSION = YES;
				CLANG_WARN_INFINITE_RECURSION = YES;
				CLANG_WARN_INT_CONVERSION = YES;
				CLANG_WARN_NON_LITERAL_NULL_CONVERSION = YES;
				CLANG_WARN_OBJC_IMPLICIT_RETAIN_SELF = YES;
				CLANG_WARN_OBJC_LITERAL_CONVERSION = YES;
				CLANG_WARN_OBJC_ROOT_CLASS = YES_ERROR;
				CLANG_WARN_RANGE_LOOP_ANALYSIS = YES;
				CLANG_WARN_STRICT_PROTOTYPES = YES;
				CLANG_WARN_SUSPICIOUS_MOVE = YES;
				CLANG_WARN_UNGUARDED_AVAILABILITY = YES_AGGRESSIVE;
				CLANG_WARN_UNREACHABLE_CODE = YES;
				CLANG_WARN__DUPLICATE_METHOD_MATCH = YES;
				CODE_SIGN_IDENTITY = "iPhone Developer";
				COPY_PHASE_STRIP = NO;
				DEBUG_INFORMATION_FORMAT = "dwarf-with-dsym";
				ENABLE_NS_ASSERTIONS = NO;
				ENABLE_STRICT_OBJC_MSGSEND = YES;
				GCC_C_LANGUAGE_STANDARD = gnu11;
				GCC_NO_COMMON_BLOCKS = YES;
				GCC_WARN_64_TO_32_BIT_CONVERSION = YES;
				GCC_WARN_ABOUT_RETURN_TYPE = YES_ERROR;
				GCC_WARN_UNDECLARED_SELECTOR = YES;
				GCC_WARN_UNINITIALIZED_AUTOS = YES_AGGRESSIVE;
				GCC_WARN_UNUSED_FUNCTION = YES;
				GCC_WARN_UNUSED_VARIABLE = YES;
				IPHONEOS_DEPLOYMENT_TARGET = 12.4;
				MTL_ENABLE_DEBUG_INFO = NO;
				MTL_FAST_MATH = YES;
				SDKROOT = iphoneos;
				SWIFT_COMPILATION_MODE = wholemodule;
				SWIFT_OPTIMIZATION_LEVEL = "-O";
				VALIDATE_PRODUCT = YES;
			};
			name = Release;
		};
		026447542327CF6300822485 /* Debug */ = {
			isa = XCBuildConfiguration;
			baseConfigurationReference = 78B5075BE387B8E9BA200FD1 /* Pods-NewProject.debug.xcconfig */;
			buildSettings = {
				ASSETCATALOG_COMPILER_APPICON_NAME = AppIcon;
				CODE_SIGN_STYLE = Automatic;
				CURRENT_PROJECT_VERSION = 1;
				DEVELOPMENT_TEAM = 47FGBWZVJ9;
				INFOPLIST_FILE = NewProject/Support/Info.plist;
				LD_RUNPATH_SEARCH_PATHS = (
					"$(inherited)",
					"@executable_path/Frameworks",
				);
				PRODUCT_BUNDLE_IDENTIFIER = me.jerome.NewProject;
				PRODUCT_NAME = "$(TARGET_NAME)";
				SWIFT_VERSION = 5.0;
				TARGETED_DEVICE_FAMILY = "1,2";
				VERSIONING_SYSTEM = "apple-generic";
			};
			name = Debug;
		};
		026447552327CF6300822485 /* Release */ = {
			isa = XCBuildConfiguration;
			baseConfigurationReference = A410BFE005C122C709D81B52 /* Pods-NewProject.release.xcconfig */;
			buildSettings = {
				ASSETCATALOG_COMPILER_APPICON_NAME = AppIcon;
				CODE_SIGN_STYLE = Automatic;
				CURRENT_PROJECT_VERSION = 1;
				DEVELOPMENT_TEAM = 47FGBWZVJ9;
				INFOPLIST_FILE = NewProject/Support/Info.plist;
				LD_RUNPATH_SEARCH_PATHS = (
					"$(inherited)",
					"@executable_path/Frameworks",
				);
				PRODUCT_BUNDLE_IDENTIFIER = me.jerome.NewProject;
				PRODUCT_NAME = "$(TARGET_NAME)";
				SWIFT_VERSION = 5.0;
				TARGETED_DEVICE_FAMILY = "1,2";
				VERSIONING_SYSTEM = "apple-generic";
			};
			name = Release;
		};
		02BEA1FD2331DA4200C3E317 /* Debug */ = {
			isa = XCBuildConfiguration;
			baseConfigurationReference = 703948F048191ABF80999FE9 /* Pods-Tests.debug.xcconfig */;
			buildSettings = {
				BUNDLE_LOADER = "$(TEST_HOST)";
				CODE_SIGN_STYLE = Automatic;
				DEVELOPMENT_TEAM = 47FGBWZVJ9;
				INFOPLIST_FILE = Tests/Info.plist;
				LD_RUNPATH_SEARCH_PATHS = (
					"$(inherited)",
					"@executable_path/Frameworks",
					"@loader_path/Frameworks",
				);
				OTHER_SWIFT_FLAGS = "-DTEST";
				PRODUCT_BUNDLE_IDENTIFIER = me.jerome.Tests;
				PRODUCT_NAME = "$(TARGET_NAME)";
				SWIFT_VERSION = 5.0;
				TARGETED_DEVICE_FAMILY = "1,2";
				TEST_HOST = "$(BUILT_PRODUCTS_DIR)/NewProject.app/NewProject";
			};
			name = Debug;
		};
		02BEA1FE2331DA4200C3E317 /* Release */ = {
			isa = XCBuildConfiguration;
			baseConfigurationReference = D3CDD08B8AB2F431ED004CB8 /* Pods-Tests.release.xcconfig */;
			buildSettings = {
				BUNDLE_LOADER = "$(TEST_HOST)";
				CODE_SIGN_STYLE = Automatic;
				DEVELOPMENT_TEAM = 47FGBWZVJ9;
				INFOPLIST_FILE = Tests/Info.plist;
				LD_RUNPATH_SEARCH_PATHS = (
					"$(inherited)",
					"@executable_path/Frameworks",
					"@loader_path/Frameworks",
				);
				OTHER_SWIFT_FLAGS = "-DTEST";
				PRODUCT_BUNDLE_IDENTIFIER = me.jerome.Tests;
				PRODUCT_NAME = "$(TARGET_NAME)";
				SWIFT_VERSION = 5.0;
				TARGETED_DEVICE_FAMILY = "1,2";
				TEST_HOST = "$(BUILT_PRODUCTS_DIR)/NewProject.app/NewProject";
			};
			name = Release;
		};
/* End XCBuildConfiguration section */

/* Begin XCConfigurationList section */
		0264473C2327CF6200822485 /* Build configuration list for PBXProject "NewProject" */ = {
			isa = XCConfigurationList;
			buildConfigurations = (
				026447512327CF6300822485 /* Debug */,
				020AB4432350B03400ED6A6A /* Test */,
				026447522327CF6300822485 /* Release */,
			);
			defaultConfigurationIsVisible = 0;
			defaultConfigurationName = Release;
		};
		026447532327CF6300822485 /* Build configuration list for PBXNativeTarget "NewProject" */ = {
			isa = XCConfigurationList;
			buildConfigurations = (
				026447542327CF6300822485 /* Debug */,
				020AB4442350B03400ED6A6A /* Test */,
				026447552327CF6300822485 /* Release */,
			);
			defaultConfigurationIsVisible = 0;
			defaultConfigurationName = Release;
		};
		02BEA1FF2331DA4200C3E317 /* Build configuration list for PBXNativeTarget "Tests" */ = {
			isa = XCConfigurationList;
			buildConfigurations = (
				02BEA1FD2331DA4200C3E317 /* Debug */,
				020AB4452350B03400ED6A6A /* Test */,
				02BEA1FE2331DA4200C3E317 /* Release */,
			);
			defaultConfigurationIsVisible = 0;
			defaultConfigurationName = Release;
		};
/* End XCConfigurationList section */
	};
	rootObject = 026447392327CF6200822485 /* Project object */;
}
