PODS:
  - DeviceGuru (6.0.0)
  - HouJia (0.0.3):
    - DeviceGuru
    - SwiftyUtils
  - R.swift (5.0.3):
    - R.swift.Library (~> 5.0.0)
  - R.swift.Library (5.0.1)
  - ReachabilitySwift (4.3.1)
  - SnapKit (4.2.0)
  - SwiftLint (0.34.0)
  - SwiftyUtils (4.0.0)

DEPENDENCIES:
  - HouJia (from `https://github.com/JeromeTW/HouJia.git`, commit `0086d20`)
  - R.swift
  - ReachabilitySwift
  - SnapKit (~> 4.0)
  - SwiftLint

SPEC REPOS:
  https://github.com/CocoaPods/Specs.git:
    - R.swift
    - R.swift.Library
    - ReachabilitySwift
    - SnapKit
    - SwiftLint
  trunk:
    - DeviceGuru
    - SwiftyUtils

EXTERNAL SOURCES:
  HouJia:
    :commit: 0086d20
    :git: https://github.com/JeromeTW/HouJia.git

CHECKOUT OPTIONS:
  HouJia:
    :commit: 0086d20
    :git: https://github.com/JeromeTW/HouJia.git

SPEC CHECKSUMS:
  DeviceGuru: af478ea9bff7614d85198b7516ea7657153c65bb
  HouJia: bffd7ad58b6ffffd6473e78922f799e9938f845b
  R.swift: f5a87643b91ea569d23d6afb3eee9c743edde239
  R.swift.Library: cfe85d569d9bae6cb262922db130e7c3a7a5fad1
  ReachabilitySwift: 4032e2f59586e11e3b0ebe15b167abdd587a388b
  SnapKit: fe8a619752f3f27075cc9a90244d75c6c3f27e2a
  SwiftLint: 79d48a17c6565dc286c37efb8322c7b450f95c67
  SwiftyUtils: e2c0b1fd674684e1083c894f6a71a64bb9617402

PODFILE CHECKSUM: 53cc06e567484521b78f46bc65c5773a01f58336

COCOAPODS: 1.8.4
